
Microsoft Visual Studio Solution File, Format Version 12.00
# Visual Studio Version 17
VisualStudioVersion = 17.9.34728.123
MinimumVisualStudioVersion = 10.0.40219.1
Project("{2150E333-8FDC-42A3-9474-1A3956D46DE8}") = "src", "src", "{978DB17B-DA82-43CD-A373-98DAECC9EE2C}"
EndProject
Project("{2150E333-8FDC-42A3-9474-1A3956D46DE8}") = "playground", "playground", "{6FEF19FA-24D8-4C93-8959-76B982CAE5FF}"
EndProject
Project("{2150E333-8FDC-42A3-9474-1A3956D46DE8}") = "tests", "tests", "{FA180E46-9E24-4D57-919D-329C0B1E3079}"
	ProjectSection(SolutionItems) = preProject
		tests\.editorconfig = tests\.editorconfig
	EndProjectSection
EndProject
Project("{FAE04EC0-301F-11D3-BF4B-00C04F79EFBC}") = "Scalar.AspNetCore.Tests", "tests\Scalar.AspNetCore.Tests\Scalar.AspNetCore.Tests.csproj", "{D9BFEFE5-82EA-4211-988A-36906B53AB9B}"
EndProject
Project("{FAE04EC0-301F-11D3-BF4B-00C04F79EFBC}") = "Scalar.AspNetCore.Playground", "playground\Scalar.AspNetCore.Playground\Scalar.AspNetCore.Playground.csproj", "{1D8AE91C-5AEA-4199-885B-A4A95677344E}"
EndProject
Project("{2150E333-8FDC-42A3-9474-1A3956D46DE8}") = "apis", "apis", "{504CD9C6-04A2-44B7-A77C-BD67BAD2B7D8}"
EndProject
Project("{FAE04EC0-301F-11D3-BF4B-00C04F79EFBC}") = "Scalar.AspNetCore.Tests.Api", "tests\apis\Scalar.AspNetCore.Tests.Api\Scalar.AspNetCore.Tests.Api.csproj", "{8E457751-9EDA-4A84-89F5-BE67B2FF8D77}"
EndProject
Project("{FAE04EC0-301F-11D3-BF4B-00C04F79EFBC}") = "Scalar.AspNetCore", "src\Scalar.AspNetCore\Scalar.AspNetCore.csproj", "{801A3D7D-AFF0-4392-9EFB-36771C7E5A57}"
EndProject
Global
	GlobalSection(SolutionConfigurationPlatforms) = preSolution
		Debug|Any CPU = Debug|Any CPU
		Release|Any CPU = Release|Any CPU
	EndGlobalSection
	GlobalSection(ProjectConfigurationPlatforms) = postSolution
		{D9BFEFE5-82EA-4211-988A-36906B53AB9B}.Debug|Any CPU.ActiveCfg = Debug|Any CPU
		{D9BFEFE5-82EA-4211-988A-36906B53AB9B}.Debug|Any CPU.Build.0 = Debug|Any CPU
		{D9BFEFE5-82EA-4211-988A-36906B53AB9B}.Release|Any CPU.ActiveCfg = Release|Any CPU
		{D9BFEFE5-82EA-4211-988A-36906B53AB9B}.Release|Any CPU.Build.0 = Release|Any CPU
		{1D8AE91C-5AEA-4199-885B-A4A95677344E}.Debug|Any CPU.ActiveCfg = Debug|Any CPU
		{1D8AE91C-5AEA-4199-885B-A4A95677344E}.Debug|Any CPU.Build.0 = Debug|Any CPU
		{1D8AE91C-5AEA-4199-885B-A4A95677344E}.Release|Any CPU.ActiveCfg = Release|Any CPU
		{1D8AE91C-5AEA-4199-885B-A4A95677344E}.Release|Any CPU.Build.0 = Release|Any CPU
		{8E457751-9EDA-4A84-89F5-BE67B2FF8D77}.Debug|Any CPU.ActiveCfg = Debug|Any CPU
		{8E457751-9EDA-4A84-89F5-BE67B2FF8D77}.Debug|Any CPU.Build.0 = Debug|Any CPU
		{8E457751-9EDA-4A84-89F5-BE67B2FF8D77}.Release|Any CPU.ActiveCfg = Release|Any CPU
		{8E457751-9EDA-4A84-89F5-BE67B2FF8D77}.Release|Any CPU.Build.0 = Release|Any CPU
		{801A3D7D-AFF0-4392-9EFB-36771C7E5A57}.Debug|Any CPU.ActiveCfg = Debug|Any CPU
		{801A3D7D-AFF0-4392-9EFB-36771C7E5A57}.Debug|Any CPU.Build.0 = Debug|Any CPU
		{801A3D7D-AFF0-4392-9EFB-36771C7E5A57}.Release|Any CPU.ActiveCfg = Release|Any CPU
		{801A3D7D-AFF0-4392-9EFB-36771C7E5A57}.Release|Any CPU.Build.0 = Release|Any CPU
	EndGlobalSection
	GlobalSection(SolutionProperties) = preSolution
		HideSolutionNode = FALSE
	EndGlobalSection
	GlobalSection(ExtensibilityGlobals) = postSolution
		SolutionGuid = {A73FCB2D-F201-41FD-AACB-4CA091639241}
	EndGlobalSection
	GlobalSection(NestedProjects) = preSolution
		{D9BFEFE5-82EA-4211-988A-36906B53AB9B} = {FA180E46-9E24-4D57-919D-329C0B1E3079}
		{1D8AE91C-5AEA-4199-885B-A4A95677344E} = {6FEF19FA-24D8-4C93-8959-76B982CAE5FF}
		{504CD9C6-04A2-44B7-A77C-BD67BAD2B7D8} = {FA180E46-9E24-4D57-919D-329C0B1E3079}
		{8E457751-9EDA-4A84-89F5-BE67B2FF8D77} = {504CD9C6-04A2-44B7-A77C-BD67BAD2B7D8}
		{801A3D7D-AFF0-4392-9EFB-36771C7E5A57} = {978DB17B-DA82-43CD-A373-98DAECC9EE2C}
	EndGlobalSection
EndGlobal
