{
  "version": 1,
  "dependencies": {
    "net10.0": {
      "AwesomeAssertions": {
        "type": "Direct",
        "requested": "[9.3.0, )",
        "resolved": "9.3.0",
        "contentHash": "8lGLYap2ec2gNLgjf2xKZaKLpQ7j36oJvrYzBVVpNAumqnxRdevqqhEF66qxE92f8y2+zsbQ061DeHG61ZhzaQ=="
      },
      "Microsoft.NET.Test.Sdk": {
        "type": "Direct",
        "requested": "[18.0.0, )",
        "resolved": "18.0.0",
        "contentHash": "bvxj2Asb7nT+tqOFFerrhQeEjUYLwx0Poi0Rznu63WbqN+A4uDn1t5NWXfAOOQsF6lpmK6N2v+Vvgso7KWZS7g==",
        "dependencies": {
          "Microsoft.CodeCoverage": "18.0.0",
          "Microsoft.TestPlatform.TestHost": "18.0.0"
        }
      },
      "xunit.runner.visualstudio": {
        "type": "Direct",
        "requested": "[3.1.5, )",
        "resolved": "3.1.5",
        "contentHash": "tKi7dSTwP4m5m9eXPM2Ime4Kn7xNf4x4zT9sdLO/G4hZVnQCRiMTWoSZqI/pYTVeI27oPPqHBKYI/DjJ9GsYgA=="
      },
      "xunit.v3": {
        "type": "Direct",
        "requested": "[3.2.0, )",
        "resolved": "3.2.0",
        "contentHash": "ABdobDsBRs0JV+Ux6t0sM26noKFVbCkGOvU/x/YeShjI4aYH+thZeOGg8k5etju+5Ud4BZfzQEtVfvnAx8G2cg==",
        "dependencies": {
          "xunit.v3.mtp-v1": "[3.2.0]"
        }
      },
      "Microsoft.ApplicationInsights": {
        "type": "Transitive",
        "resolved": "2.23.0",
        "contentHash": "nWArUZTdU7iqZLycLKWe0TDms48KKGE6pONH2terYNa8REXiqixrMOkf1sk5DHGMaUTqONU2YkS4SAXBhLStgw=="
      },
      "Microsoft.Bcl.AsyncInterfaces": {
        "type": "Transitive",
        "resolved": "6.0.0",
        "contentHash": "UcSjPsst+DfAdJGVDsu346FX0ci0ah+lw3WRtn18NUwEqRt70HaOQ7lI72vy3+1LxtqI3T5GWwV39rQSrCzAeg=="
      },
      "Microsoft.CodeCoverage": {
        "type": "Transitive",
        "resolved": "18.0.0",
        "contentHash": "DFPhMrsIofgJ1DDU3ModqqRArDm15/bNl4ecmcuBspZkZ4ONYnCC0R8U27WzK7cYv6r8l6Q/fRmvg7cb+I/dJA=="
      },
      "Microsoft.Testing.Extensions.Telemetry": {
        "type": "Transitive",
        "resolved": "1.9.0",
        "contentHash": "4ica7o+ZreUCsXoQLShWeLz6K5q9D/B+VgXvmpPSLsnSpK4DLZfMyltBaBr83Tnm21c1riOKcXXEk920Ael17Q==",
        "dependencies": {
          "Microsoft.ApplicationInsights": "2.23.0",
          "Microsoft.Testing.Platform": "1.9.0"
        }
      },
      "Microsoft.Testing.Extensions.TrxReport.Abstractions": {
        "type": "Transitive",
        "resolved": "1.9.0",
        "contentHash": "ZC7Xwva/+dREnZ5BU0gozA1uT2cFwt90uY9maPLy1lLpiedR/Fu3K2FiwLg70hJjT+tGblYmxzuNa8z1jQVSGw==",
        "dependencies": {
          "Microsoft.Testing.Platform": "1.9.0"
        }
      },
      "Microsoft.Testing.Platform": {
        "type": "Transitive",
        "resolved": "1.9.0",
        "contentHash": "OE79Vc5rXwFYciAPY/mqv92XvdhK+pvCHdVHcS0bBpWwWQbnzI18FiSEEYY+lYpB0HHl0fDQgcCK3ZTYKGs8bA=="
      },
      "Microsoft.Testing.Platform.MSBuild": {
        "type": "Transitive",
        "resolved": "1.9.0",
        "contentHash": "P7c0HfBJ/AqKyRfmaA+cyl8I9jxDEyvQRJvMUH5IZCjACTPQ9wXb0xdA0CmcxhBUtm20GxWvx2fq3fMxG11hDg==",
        "dependencies": {
          "Microsoft.Testing.Platform": "1.9.0"
        }
      },
      "Microsoft.TestPlatform.ObjectModel": {
        "type": "Transitive",
        "resolved": "18.0.0",
        "contentHash": "Al/a99ymb8UdEEh6DKNiaoFn5i8fvX5PdM9LfU9Z/Q8NJrlyHHzF+LRHLbR+t89gRsJ2fFMpwYxgEn3eH1BQwA=="
      },
      "Microsoft.TestPlatform.TestHost": {
        "type": "Transitive",
        "resolved": "18.0.0",
        "contentHash": "aAxE8Thr9ZHGrljOYaDeLJqitQi75iE4xeEFn6CEGFirlHSn1KwpKPniuEn6zCLZ90Z3XqNlrC3ZJTuvBov45w==",
        "dependencies": {
          "Microsoft.TestPlatform.ObjectModel": "18.0.0",
          "Newtonsoft.Json": "13.0.3"
        }
      },
      "Microsoft.Win32.Registry": {
        "type": "Transitive",
        "resolved": "5.0.0",
        "contentHash": "dDoKi0PnDz31yAyETfRntsLArTlVAVzUzCIvvEDsDsucrl33Dl8pIJG06ePTJTI3tGpeyHS9Cq7Foc/s4EeKcg=="
      },
      "Newtonsoft.Json": {
        "type": "Transitive",
        "resolved": "13.0.3",
        "contentHash": "HrC5BXdl00IP9zeV+0Z848QWPAoCr9P3bDEZguI+gkLcBKAOxix/tLEAAHC+UvDNPv4a2d18lOReHMOagPa+zQ=="
      },
      "xunit.analyzers": {
        "type": "Transitive",
        "resolved": "1.25.0",
        "contentHash": "J3wD5p2VVOg6TXeOOCrD+7Nl2H/LOZuK1GovDyPbFFnvv8katIULfBCj2sQLIPKT22Ds44j1aHjJle4AU7jCbA=="
      },
      "xunit.v3.assert": {
        "type": "Transitive",
        "resolved": "3.2.0",
        "contentHash": "AT3jVbptSazsf+aKQt14eyhw0NN9GWj6SaYifJfZ873r86NbPeTlxshjij9aOqmtrR+C1fHwqeneO4mMZKK7ag=="
      },
      "xunit.v3.common": {
        "type": "Transitive",
        "resolved": "3.2.0",
        "contentHash": "InLYIBD54RVFgX1S5y0g+Mia3coGsA+cf+SvieBH3kO5TrH3d4sb59+4M6nfBlGg8EqUCHbyGKKroQPquYEt7Q==",
        "dependencies": {
          "Microsoft.Bcl.AsyncInterfaces": "6.0.0"
        }
      },
      "xunit.v3.core.mtp-v1": {
        "type": "Transitive",
        "resolved": "3.2.0",
        "contentHash": "0B+nZqJXl6BGTXT6kOf4LOnH5qxDvrufctNTjlxjXne4SqYybhCnfYpWRLy9NJ/0JkELyVlap8YK7HH+x/sHeQ==",
        "dependencies": {
          "Microsoft.Testing.Extensions.Telemetry": "1.9.0",
          "Microsoft.Testing.Extensions.TrxReport.Abstractions": "1.9.0",
          "Microsoft.Testing.Platform": "1.9.0",
          "Microsoft.Testing.Platform.MSBuild": "1.9.0",
          "xunit.v3.extensibility.core": "[3.2.0]",
          "xunit.v3.runner.inproc.console": "[3.2.0]"
        }
      },
      "xunit.v3.extensibility.core": {
        "type": "Transitive",
        "resolved": "3.2.0",
        "contentHash": "89MWZ5gXT6VJ/qe9OCASBsaenFr00UCccFbkJxzkOsrAkoFjJSDJ+5xqXpZUxTBGJ4Gw91bJ4bwW9Fag0b8xhw==",
        "dependencies": {
          "xunit.v3.common": "[3.2.0]"
        }
      },
      "xunit.v3.mtp-v1": {
        "type": "Transitive",
        "resolved": "3.2.0",
        "contentHash": "Rg5djTBTao7QUEK28EXeacjwC6LnU/NunlJzYrNkhtOgggpueYzGDfmyKu5hDbAEXhAl6vjrzfcCnhZyX8Q+DA==",
        "dependencies": {
          "xunit.analyzers": "1.25.0",
          "xunit.v3.assert": "[3.2.0]",
          "xunit.v3.core.mtp-v1": "[3.2.0]"
        }
      },
      "xunit.v3.runner.common": {
        "type": "Transitive",
        "resolved": "3.2.0",
        "contentHash": "2i1/IvIH9x6M+8TRlr8k6/4NCem44zYzveps7p8XL4jjsIM/1K2ahfcvtom3tu9RQxHF3czT7f3DOAvHp+01gQ==",
        "dependencies": {
          "Microsoft.Win32.Registry": "[5.0.0]",
          "xunit.v3.common": "[3.2.0]"
        }
      },
      "xunit.v3.runner.inproc.console": {
        "type": "Transitive",
        "resolved": "3.2.0",
        "contentHash": "/nXHLSgKv5OYSjo3bTSzvTYfxbzApTEeip5T85PayDZgGbMHA679zeVhN/1n6//pW/uJ2j7QhDdHh2r98f13hQ==",
        "dependencies": {
          "xunit.v3.extensibility.core": "[3.2.0]",
          "xunit.v3.runner.common": "[3.2.0]"
        }
      },
      "scalar.shared": {
        "type": "Project"
      }
    },
    "net8.0": {
      "AwesomeAssertions": {
        "type": "Direct",
        "requested": "[9.3.0, )",
        "resolved": "9.3.0",
        "contentHash": "8lGLYap2ec2gNLgjf2xKZaKLpQ7j36oJvrYzBVVpNAumqnxRdevqqhEF66qxE92f8y2+zsbQ061DeHG61ZhzaQ=="
      },
      "Microsoft.NET.Test.Sdk": {
        "type": "Direct",
        "requested": "[18.0.0, )",
        "resolved": "18.0.0",
        "contentHash": "bvxj2Asb7nT+tqOFFerrhQeEjUYLwx0Poi0Rznu63WbqN+A4uDn1t5NWXfAOOQsF6lpmK6N2v+Vvgso7KWZS7g==",
        "dependencies": {
          "Microsoft.CodeCoverage": "18.0.0",
          "Microsoft.TestPlatform.TestHost": "18.0.0"
        }
      },
      "xunit.runner.visualstudio": {
        "type": "Direct",
        "requested": "[3.1.5, )",
        "resolved": "3.1.5",
        "contentHash": "tKi7dSTwP4m5m9eXPM2Ime4Kn7xNf4x4zT9sdLO/G4hZVnQCRiMTWoSZqI/pYTVeI27oPPqHBKYI/DjJ9GsYgA=="
      },
      "xunit.v3": {
        "type": "Direct",
        "requested": "[3.2.0, )",
        "resolved": "3.2.0",
        "contentHash": "ABdobDsBRs0JV+Ux6t0sM26noKFVbCkGOvU/x/YeShjI4aYH+thZeOGg8k5etju+5Ud4BZfzQEtVfvnAx8G2cg==",
        "dependencies": {
          "xunit.v3.mtp-v1": "[3.2.0]"
        }
      },
      "Microsoft.ApplicationInsights": {
        "type": "Transitive",
        "resolved": "2.23.0",
        "contentHash": "nWArUZTdU7iqZLycLKWe0TDms48KKGE6pONH2terYNa8REXiqixrMOkf1sk5DHGMaUTqONU2YkS4SAXBhLStgw=="
      },
      "Microsoft.Bcl.AsyncInterfaces": {
        "type": "Transitive",
        "resolved": "6.0.0",
        "contentHash": "UcSjPsst+DfAdJGVDsu346FX0ci0ah+lw3WRtn18NUwEqRt70HaOQ7lI72vy3+1LxtqI3T5GWwV39rQSrCzAeg=="
      },
      "Microsoft.CodeCoverage": {
        "type": "Transitive",
        "resolved": "18.0.0",
        "contentHash": "DFPhMrsIofgJ1DDU3ModqqRArDm15/bNl4ecmcuBspZkZ4ONYnCC0R8U27WzK7cYv6r8l6Q/fRmvg7cb+I/dJA=="
      },
      "Microsoft.Testing.Extensions.Telemetry": {
        "type": "Transitive",
        "resolved": "1.9.0",
        "contentHash": "4ica7o+ZreUCsXoQLShWeLz6K5q9D/B+VgXvmpPSLsnSpK4DLZfMyltBaBr83Tnm21c1riOKcXXEk920Ael17Q==",
        "dependencies": {
          "Microsoft.ApplicationInsights": "2.23.0",
          "Microsoft.Testing.Platform": "1.9.0"
        }
      },
      "Microsoft.Testing.Extensions.TrxReport.Abstractions": {
        "type": "Transitive",
        "resolved": "1.9.0",
        "contentHash": "ZC7Xwva/+dREnZ5BU0gozA1uT2cFwt90uY9maPLy1lLpiedR/Fu3K2FiwLg70hJjT+tGblYmxzuNa8z1jQVSGw==",
        "dependencies": {
          "Microsoft.Testing.Platform": "1.9.0"
        }
      },
      "Microsoft.Testing.Platform": {
        "type": "Transitive",
        "resolved": "1.9.0",
        "contentHash": "OE79Vc5rXwFYciAPY/mqv92XvdhK+pvCHdVHcS0bBpWwWQbnzI18FiSEEYY+lYpB0HHl0fDQgcCK3ZTYKGs8bA=="
      },
      "Microsoft.Testing.Platform.MSBuild": {
        "type": "Transitive",
        "resolved": "1.9.0",
        "contentHash": "P7c0HfBJ/AqKyRfmaA+cyl8I9jxDEyvQRJvMUH5IZCjACTPQ9wXb0xdA0CmcxhBUtm20GxWvx2fq3fMxG11hDg==",
        "dependencies": {
          "Microsoft.Testing.Platform": "1.9.0"
        }
      },
      "Microsoft.TestPlatform.ObjectModel": {
        "type": "Transitive",
        "resolved": "18.0.0",
        "contentHash": "Al/a99ymb8UdEEh6DKNiaoFn5i8fvX5PdM9LfU9Z/Q8NJrlyHHzF+LRHLbR+t89gRsJ2fFMpwYxgEn3eH1BQwA=="
      },
      "Microsoft.TestPlatform.TestHost": {
        "type": "Transitive",
        "resolved": "18.0.0",
        "contentHash": "aAxE8Thr9ZHGrljOYaDeLJqitQi75iE4xeEFn6CEGFirlHSn1KwpKPniuEn6zCLZ90Z3XqNlrC3ZJTuvBov45w==",
        "dependencies": {
          "Microsoft.TestPlatform.ObjectModel": "18.0.0",
          "Newtonsoft.Json": "13.0.3"
        }
      },
      "Microsoft.Win32.Registry": {
        "type": "Transitive",
        "resolved": "5.0.0",
        "contentHash": "dDoKi0PnDz31yAyETfRntsLArTlVAVzUzCIvvEDsDsucrl33Dl8pIJG06ePTJTI3tGpeyHS9Cq7Foc/s4EeKcg=="
      },
      "Newtonsoft.Json": {
        "type": "Transitive",
        "resolved": "13.0.3",
        "contentHash": "HrC5BXdl00IP9zeV+0Z848QWPAoCr9P3bDEZguI+gkLcBKAOxix/tLEAAHC+UvDNPv4a2d18lOReHMOagPa+zQ=="
      },
      "xunit.analyzers": {
        "type": "Transitive",
        "resolved": "1.25.0",
        "contentHash": "J3wD5p2VVOg6TXeOOCrD+7Nl2H/LOZuK1GovDyPbFFnvv8katIULfBCj2sQLIPKT22Ds44j1aHjJle4AU7jCbA=="
      },
      "xunit.v3.assert": {
        "type": "Transitive",
        "resolved": "3.2.0",
        "contentHash": "AT3jVbptSazsf+aKQt14eyhw0NN9GWj6SaYifJfZ873r86NbPeTlxshjij9aOqmtrR+C1fHwqeneO4mMZKK7ag=="
      },
      "xunit.v3.common": {
        "type": "Transitive",
        "resolved": "3.2.0",
        "contentHash": "InLYIBD54RVFgX1S5y0g+Mia3coGsA+cf+SvieBH3kO5TrH3d4sb59+4M6nfBlGg8EqUCHbyGKKroQPquYEt7Q==",
        "dependencies": {
          "Microsoft.Bcl.AsyncInterfaces": "6.0.0"
        }
      },
      "xunit.v3.core.mtp-v1": {
        "type": "Transitive",
        "resolved": "3.2.0",
        "contentHash": "0B+nZqJXl6BGTXT6kOf4LOnH5qxDvrufctNTjlxjXne4SqYybhCnfYpWRLy9NJ/0JkELyVlap8YK7HH+x/sHeQ==",
        "dependencies": {
          "Microsoft.Testing.Extensions.Telemetry": "1.9.0",
          "Microsoft.Testing.Extensions.TrxReport.Abstractions": "1.9.0",
          "Microsoft.Testing.Platform": "1.9.0",
          "Microsoft.Testing.Platform.MSBuild": "1.9.0",
          "xunit.v3.extensibility.core": "[3.2.0]",
          "xunit.v3.runner.inproc.console": "[3.2.0]"
        }
      },
      "xunit.v3.extensibility.core": {
        "type": "Transitive",
        "resolved": "3.2.0",
        "contentHash": "89MWZ5gXT6VJ/qe9OCASBsaenFr00UCccFbkJxzkOsrAkoFjJSDJ+5xqXpZUxTBGJ4Gw91bJ4bwW9Fag0b8xhw==",
        "dependencies": {
          "xunit.v3.common": "[3.2.0]"
        }
      },
      "xunit.v3.mtp-v1": {
        "type": "Transitive",
        "resolved": "3.2.0",
        "contentHash": "Rg5djTBTao7QUEK28EXeacjwC6LnU/NunlJzYrNkhtOgggpueYzGDfmyKu5hDbAEXhAl6vjrzfcCnhZyX8Q+DA==",
        "dependencies": {
          "xunit.analyzers": "1.25.0",
          "xunit.v3.assert": "[3.2.0]",
          "xunit.v3.core.mtp-v1": "[3.2.0]"
        }
      },
      "xunit.v3.runner.common": {
        "type": "Transitive",
        "resolved": "3.2.0",
        "contentHash": "2i1/IvIH9x6M+8TRlr8k6/4NCem44zYzveps7p8XL4jjsIM/1K2ahfcvtom3tu9RQxHF3czT7f3DOAvHp+01gQ==",
        "dependencies": {
          "Microsoft.Win32.Registry": "[5.0.0]",
          "xunit.v3.common": "[3.2.0]"
        }
      },
      "xunit.v3.runner.inproc.console": {
        "type": "Transitive",
        "resolved": "3.2.0",
        "contentHash": "/nXHLSgKv5OYSjo3bTSzvTYfxbzApTEeip5T85PayDZgGbMHA679zeVhN/1n6//pW/uJ2j7QhDdHh2r98f13hQ==",
        "dependencies": {
          "xunit.v3.extensibility.core": "[3.2.0]",
          "xunit.v3.runner.common": "[3.2.0]"
        }
      },
      "scalar.shared": {
        "type": "Project"
      }
    },
    "net9.0": {
      "AwesomeAssertions": {
        "type": "Direct",
        "requested": "[9.3.0, )",
        "resolved": "9.3.0",
        "contentHash": "8lGLYap2ec2gNLgjf2xKZaKLpQ7j36oJvrYzBVVpNAumqnxRdevqqhEF66qxE92f8y2+zsbQ061DeHG61ZhzaQ=="
      },
      "Microsoft.NET.Test.Sdk": {
        "type": "Direct",
        "requested": "[18.0.0, )",
        "resolved": "18.0.0",
        "contentHash": "bvxj2Asb7nT+tqOFFerrhQeEjUYLwx0Poi0Rznu63WbqN+A4uDn1t5NWXfAOOQsF6lpmK6N2v+Vvgso7KWZS7g==",
        "dependencies": {
          "Microsoft.CodeCoverage": "18.0.0",
          "Microsoft.TestPlatform.TestHost": "18.0.0"
        }
      },
      "xunit.runner.visualstudio": {
        "type": "Direct",
        "requested": "[3.1.5, )",
        "resolved": "3.1.5",
        "contentHash": "tKi7dSTwP4m5m9eXPM2Ime4Kn7xNf4x4zT9sdLO/G4hZVnQCRiMTWoSZqI/pYTVeI27oPPqHBKYI/DjJ9GsYgA=="
      },
      "xunit.v3": {
        "type": "Direct",
        "requested": "[3.2.0, )",
        "resolved": "3.2.0",
        "contentHash": "ABdobDsBRs0JV+Ux6t0sM26noKFVbCkGOvU/x/YeShjI4aYH+thZeOGg8k5etju+5Ud4BZfzQEtVfvnAx8G2cg==",
        "dependencies": {
          "xunit.v3.mtp-v1": "[3.2.0]"
        }
      },
      "Microsoft.ApplicationInsights": {
        "type": "Transitive",
        "resolved": "2.23.0",
        "contentHash": "nWArUZTdU7iqZLycLKWe0TDms48KKGE6pONH2terYNa8REXiqixrMOkf1sk5DHGMaUTqONU2YkS4SAXBhLStgw=="
      },
      "Microsoft.Bcl.AsyncInterfaces": {
        "type": "Transitive",
        "resolved": "6.0.0",
        "contentHash": "UcSjPsst+DfAdJGVDsu346FX0ci0ah+lw3WRtn18NUwEqRt70HaOQ7lI72vy3+1LxtqI3T5GWwV39rQSrCzAeg=="
      },
      "Microsoft.CodeCoverage": {
        "type": "Transitive",
        "resolved": "18.0.0",
        "contentHash": "DFPhMrsIofgJ1DDU3ModqqRArDm15/bNl4ecmcuBspZkZ4ONYnCC0R8U27WzK7cYv6r8l6Q/fRmvg7cb+I/dJA=="
      },
      "Microsoft.Testing.Extensions.Telemetry": {
        "type": "Transitive",
        "resolved": "1.9.0",
        "contentHash": "4ica7o+ZreUCsXoQLShWeLz6K5q9D/B+VgXvmpPSLsnSpK4DLZfMyltBaBr83Tnm21c1riOKcXXEk920Ael17Q==",
        "dependencies": {
          "Microsoft.ApplicationInsights": "2.23.0",
          "Microsoft.Testing.Platform": "1.9.0"
        }
      },
      "Microsoft.Testing.Extensions.TrxReport.Abstractions": {
        "type": "Transitive",
        "resolved": "1.9.0",
        "contentHash": "ZC7Xwva/+dREnZ5BU0gozA1uT2cFwt90uY9maPLy1lLpiedR/Fu3K2FiwLg70hJjT+tGblYmxzuNa8z1jQVSGw==",
        "dependencies": {
          "Microsoft.Testing.Platform": "1.9.0"
        }
      },
      "Microsoft.Testing.Platform": {
        "type": "Transitive",
        "resolved": "1.9.0",
        "contentHash": "OE79Vc5rXwFYciAPY/mqv92XvdhK+pvCHdVHcS0bBpWwWQbnzI18FiSEEYY+lYpB0HHl0fDQgcCK3ZTYKGs8bA=="
      },
      "Microsoft.Testing.Platform.MSBuild": {
        "type": "Transitive",
        "resolved": "1.9.0",
        "contentHash": "P7c0HfBJ/AqKyRfmaA+cyl8I9jxDEyvQRJvMUH5IZCjACTPQ9wXb0xdA0CmcxhBUtm20GxWvx2fq3fMxG11hDg==",
        "dependencies": {
          "Microsoft.Testing.Platform": "1.9.0"
        }
      },
      "Microsoft.TestPlatform.ObjectModel": {
        "type": "Transitive",
        "resolved": "18.0.0",
        "contentHash": "Al/a99ymb8UdEEh6DKNiaoFn5i8fvX5PdM9LfU9Z/Q8NJrlyHHzF+LRHLbR+t89gRsJ2fFMpwYxgEn3eH1BQwA=="
      },
      "Microsoft.TestPlatform.TestHost": {
        "type": "Transitive",
        "resolved": "18.0.0",
        "contentHash": "aAxE8Thr9ZHGrljOYaDeLJqitQi75iE4xeEFn6CEGFirlHSn1KwpKPniuEn6zCLZ90Z3XqNlrC3ZJTuvBov45w==",
        "dependencies": {
          "Microsoft.TestPlatform.ObjectModel": "18.0.0",
          "Newtonsoft.Json": "13.0.3"
        }
      },
      "Microsoft.Win32.Registry": {
        "type": "Transitive",
        "resolved": "5.0.0",
        "contentHash": "dDoKi0PnDz31yAyETfRntsLArTlVAVzUzCIvvEDsDsucrl33Dl8pIJG06ePTJTI3tGpeyHS9Cq7Foc/s4EeKcg=="
      },
      "Newtonsoft.Json": {
        "type": "Transitive",
        "resolved": "13.0.3",
        "contentHash": "HrC5BXdl00IP9zeV+0Z848QWPAoCr9P3bDEZguI+gkLcBKAOxix/tLEAAHC+UvDNPv4a2d18lOReHMOagPa+zQ=="
      },
      "xunit.analyzers": {
        "type": "Transitive",
        "resolved": "1.25.0",
        "contentHash": "J3wD5p2VVOg6TXeOOCrD+7Nl2H/LOZuK1GovDyPbFFnvv8katIULfBCj2sQLIPKT22Ds44j1aHjJle4AU7jCbA=="
      },
      "xunit.v3.assert": {
        "type": "Transitive",
        "resolved": "3.2.0",
        "contentHash": "AT3jVbptSazsf+aKQt14eyhw0NN9GWj6SaYifJfZ873r86NbPeTlxshjij9aOqmtrR+C1fHwqeneO4mMZKK7ag=="
      },
      "xunit.v3.common": {
        "type": "Transitive",
        "resolved": "3.2.0",
        "contentHash": "InLYIBD54RVFgX1S5y0g+Mia3coGsA+cf+SvieBH3kO5TrH3d4sb59+4M6nfBlGg8EqUCHbyGKKroQPquYEt7Q==",
        "dependencies": {
          "Microsoft.Bcl.AsyncInterfaces": "6.0.0"
        }
      },
      "xunit.v3.core.mtp-v1": {
        "type": "Transitive",
        "resolved": "3.2.0",
        "contentHash": "0B+nZqJXl6BGTXT6kOf4LOnH5qxDvrufctNTjlxjXne4SqYybhCnfYpWRLy9NJ/0JkELyVlap8YK7HH+x/sHeQ==",
        "dependencies": {
          "Microsoft.Testing.Extensions.Telemetry": "1.9.0",
          "Microsoft.Testing.Extensions.TrxReport.Abstractions": "1.9.0",
          "Microsoft.Testing.Platform": "1.9.0",
          "Microsoft.Testing.Platform.MSBuild": "1.9.0",
          "xunit.v3.extensibility.core": "[3.2.0]",
          "xunit.v3.runner.inproc.console": "[3.2.0]"
        }
      },
      "xunit.v3.extensibility.core": {
        "type": "Transitive",
        "resolved": "3.2.0",
        "contentHash": "89MWZ5gXT6VJ/qe9OCASBsaenFr00UCccFbkJxzkOsrAkoFjJSDJ+5xqXpZUxTBGJ4Gw91bJ4bwW9Fag0b8xhw==",
        "dependencies": {
          "xunit.v3.common": "[3.2.0]"
        }
      },
      "xunit.v3.mtp-v1": {
        "type": "Transitive",
        "resolved": "3.2.0",
        "contentHash": "Rg5djTBTao7QUEK28EXeacjwC6LnU/NunlJzYrNkhtOgggpueYzGDfmyKu5hDbAEXhAl6vjrzfcCnhZyX8Q+DA==",
        "dependencies": {
          "xunit.analyzers": "1.25.0",
          "xunit.v3.assert": "[3.2.0]",
          "xunit.v3.core.mtp-v1": "[3.2.0]"
        }
      },
      "xunit.v3.runner.common": {
        "type": "Transitive",
        "resolved": "3.2.0",
        "contentHash": "2i1/IvIH9x6M+8TRlr8k6/4NCem44zYzveps7p8XL4jjsIM/1K2ahfcvtom3tu9RQxHF3czT7f3DOAvHp+01gQ==",
        "dependencies": {
          "Microsoft.Win32.Registry": "[5.0.0]",
          "xunit.v3.common": "[3.2.0]"
        }
      },
      "xunit.v3.runner.inproc.console": {
        "type": "Transitive",
        "resolved": "3.2.0",
        "contentHash": "/nXHLSgKv5OYSjo3bTSzvTYfxbzApTEeip5T85PayDZgGbMHA679zeVhN/1n6//pW/uJ2j7QhDdHh2r98f13hQ==",
        "dependencies": {
          "xunit.v3.extensibility.core": "[3.2.0]",
          "xunit.v3.runner.common": "[3.2.0]"
        }
      },
      "scalar.shared": {
        "type": "Project"
      }
    }
  }
}