
Microsoft Visual Studio Solution File, Format Version 12.00
# Visual Studio Version 17
VisualStudioVersion = 17.9.34728.123
MinimumVisualStudioVersion = 10.0.40219.1
Project("{2150E333-8FDC-42A3-9474-1A3956D46DE8}") = "src", "src", "{978DB17B-DA82-43CD-A373-98DAECC9EE2C}"
EndProject
Project("{FAE04EC0-301F-11D3-BF4B-00C04F79EFBC}") = "Scalar.AspNetCore", "src\Scalar.AspNetCore.csproj", "{97D4723A-BCD3-4A06-B5EF-3440B206D898}"
EndProject
Project("{2150E333-8FDC-42A3-9474-1A3956D46DE8}") = "playground", "playground", "{6FEF19FA-24D8-4C93-8959-76B982CAE5FF}"
EndProject
Project("{FAE04EC0-301F-11D3-BF4B-00C04F79EFBC}") = "Scalar.AspNetCore.Demo", "Scalar.AspNetCore.Demo\Scalar.AspNetCore.Demo.csproj", "{0B63A85D-5508-4353-A4DC-65AEF01116B8}"
EndProject
Project("{2150E333-8FDC-42A3-9474-1A3956D46DE8}") = "tests", "tests", "{FA180E46-9E24-4D57-919D-329C0B1E3079}"
EndProject
Global
	GlobalSection(SolutionConfigurationPlatforms) = preSolution
		Debug|Any CPU = Debug|Any CPU
		Release|Any CPU = Release|Any CPU
	EndGlobalSection
	GlobalSection(ProjectConfigurationPlatforms) = postSolution
		{97D4723A-BCD3-4A06-B5EF-3440B206D898}.Debug|Any CPU.ActiveCfg = Debug|Any CPU
		{97D4723A-BCD3-4A06-B5EF-3440B206D898}.Debug|Any CPU.Build.0 = Debug|Any CPU
		{97D4723A-BCD3-4A06-B5EF-3440B206D898}.Release|Any CPU.ActiveCfg = Release|Any CPU
		{97D4723A-BCD3-4A06-B5EF-3440B206D898}.Release|Any CPU.Build.0 = Release|Any CPU
		{0B63A85D-5508-4353-A4DC-65AEF01116B8}.Debug|Any CPU.ActiveCfg = Debug|Any CPU
		{0B63A85D-5508-4353-A4DC-65AEF01116B8}.Debug|Any CPU.Build.0 = Debug|Any CPU
		{0B63A85D-5508-4353-A4DC-65AEF01116B8}.Release|Any CPU.ActiveCfg = Release|Any CPU
		{0B63A85D-5508-4353-A4DC-65AEF01116B8}.Release|Any CPU.Build.0 = Release|Any CPU
	EndGlobalSection
	GlobalSection(SolutionProperties) = preSolution
		HideSolutionNode = FALSE
	EndGlobalSection
	GlobalSection(ExtensibilityGlobals) = postSolution
		SolutionGuid = {A73FCB2D-F201-41FD-AACB-4CA091639241}
	EndGlobalSection
	GlobalSection(NestedProjects) = preSolution
		{97D4723A-BCD3-4A06-B5EF-3440B206D898} = {978DB17B-DA82-43CD-A373-98DAECC9EE2C}
		{0B63A85D-5508-4353-A4DC-65AEF01116B8} = {6FEF19FA-24D8-4C93-8959-76B982CAE5FF}
	EndGlobalSection
EndGlobal
