
Microsoft Visual Studio Solution File, Format Version 12.00
# Visual Studio Version 17
VisualStudioVersion = 17.9.34728.123
MinimumVisualStudioVersion = 10.0.40219.1
Project("{9A19103F-16F7-4668-BE54-9A1E7A4F7556}") = "Scalar.AspNetCore", "Scalar.AspNetCore.csproj", "{AD14A16A-3C27-45CC-AA98-7E0F88B29471}"
EndProject
Global
	GlobalSection(SolutionConfigurationPlatforms) = preSolution
		Debug|Any CPU = Debug|Any CPU
		Release|Any CPU = Release|Any CPU
	EndGlobalSection
	GlobalSection(ProjectConfigurationPlatforms) = postSolution
		{AD14A16A-3C27-45CC-AA98-7E0F88B29471}.Debug|Any CPU.ActiveCfg = Debug|Any CPU
		{AD14A16A-3C27-45CC-AA98-7E0F88B29471}.Debug|Any CPU.Build.0 = Debug|Any CPU
		{AD14A16A-3C27-45CC-AA98-7E0F88B29471}.Release|Any CPU.ActiveCfg = Release|Any CPU
		{AD14A16A-3C27-45CC-AA98-7E0F88B29471}.Release|Any CPU.Build.0 = Release|Any CPU
	EndGlobalSection
	GlobalSection(SolutionProperties) = preSolution
		HideSolutionNode = FALSE
	EndGlobalSection
	GlobalSection(ExtensibilityGlobals) = postSolution
		SolutionGuid = {A73FCB2D-F201-41FD-AACB-4CA091639241}
	EndGlobalSection
EndGlobal
